
Microsoft Visual Studio Solution File, Format Version 12.00
# Visual Studio Version 16
VisualStudioVersion = 16.0.29728.190
MinimumVisualStudioVersion = 10.0.40219.1
Project("{FAE04EC0-301F-11D3-BF4B-00C04F79EFBC}") = "StaticComponentGenerator", "StaticComponentGenerator\StaticComponentGenerator.csproj", "{D8C7B4C7-6DAD-48C2-BBC8-DF014E8306BE}"
EndProject
Project("{FAE04EC0-301F-11D3-BF4B-00C04F79EFBC}") = "PuppeteerSharpController", "PuppeteerSharpController\PuppeteerSharpController.csproj", "{8B2657CB-3FD5-47DB-A569-828D7DF086A8}"
EndProject
Global
	GlobalSection(SolutionConfigurationPlatforms) = preSolution
		Debug|Any CPU = Debug|Any CPU
		Release|Any CPU = Release|Any CPU
	EndGlobalSection
	GlobalSection(ProjectConfigurationPlatforms) = postSolution
		{D8C7B4C7-6DAD-48C2-BBC8-DF014E8306BE}.Debug|Any CPU.ActiveCfg = Debug|Any CPU
		{D8C7B4C7-6DAD-48C2-BBC8-DF014E8306BE}.Debug|Any CPU.Build.0 = Debug|Any CPU
		{D8C7B4C7-6DAD-48C2-BBC8-DF014E8306BE}.Release|Any CPU.ActiveCfg = Release|Any CPU
		{D8C7B4C7-6DAD-48C2-BBC8-DF014E8306BE}.Release|Any CPU.Build.0 = Release|Any CPU
		{8B2657CB-3FD5-47DB-A569-828D7DF086A8}.Debug|Any CPU.ActiveCfg = Debug|Any CPU
		{8B2657CB-3FD5-47DB-A569-828D7DF086A8}.Debug|Any CPU.Build.0 = Debug|Any CPU
		{8B2657CB-3FD5-47DB-A569-828D7DF086A8}.Release|Any CPU.ActiveCfg = Release|Any CPU
		{8B2657CB-3FD5-47DB-A569-828D7DF086A8}.Release|Any CPU.Build.0 = Release|Any CPU
	EndGlobalSection
	GlobalSection(SolutionProperties) = preSolution
		HideSolutionNode = FALSE
	EndGlobalSection
	GlobalSection(ExtensibilityGlobals) = postSolution
		SolutionGuid = {4A9D488A-CE6A-48DB-AF20-89466BABCE0B}
	EndGlobalSection
EndGlobal
